// !$*UTF8*$!
{
	archiveVersion = 1;
	classes = {
	};
	objectVersion = 46;
	objects = {

/* Begin PBXBuildFile section */
		8BC6174F1EE137C200ABC268 /* AppDelegate.swift in Sources */ = {isa = PBXBuildFile; fileRef = 8BC6174E1EE137C200ABC268 /* AppDelegate.swift */; };
		8BC617511EE137C200ABC268 /* ViewController.swift in Sources */ = {isa = PBXBuildFile; fileRef = 8BC617501EE137C200ABC268 /* ViewController.swift */; };
		8BC617541EE137C200ABC268 /* Main.storyboard in Resources */ = {isa = PBXBuildFile; fileRef = 8BC617521EE137C200ABC268 /* Main.storyboard */; };
		8BC617561EE137C200ABC268 /* Assets.xcassets in Resources */ = {isa = PBXBuildFile; fileRef = 8BC617551EE137C200ABC268 /* Assets.xcassets */; };
		8BC617591EE137C200ABC268 /* LaunchScreen.storyboard in Resources */ = {isa = PBXBuildFile; fileRef = 8BC617571EE137C200ABC268 /* LaunchScreen.storyboard */; };
		8BC617641EE137C200ABC268 /* HelloWorldApplicationTests.swift in Sources */ = {isa = PBXBuildFile; fileRef = 8BC617631EE137C200ABC268 /* HelloWorldApplicationTests.swift */; };
		8BC6176F1EE137C200ABC268 /* HelloWorldApplicationUITests.swift in Sources */ = {isa = PBXBuildFile; fileRef = 8BC6176E1EE137C200ABC268 /* HelloWorldApplicationUITests.swift */; };
/* End PBXBuildFile section */

/* Begin PBXContainerItemProxy section */
		8BC617601EE137C200ABC268 /* PBXContainerItemProxy */ = {
			isa = PBXContainerItemProxy;
			containerPortal = 8BC617431EE137C200ABC268 /* Project object */;
			proxyType = 1;
			remoteGlobalIDString = 8BC6174A1EE137C200ABC268;
			remoteInfo = HelloWorldApplication;
		};
		8BC6176B1EE137C200ABC268 /* PBXContainerItemProxy */ = {
			isa = PBXContainerItemProxy;
			containerPortal = 8BC617431EE137C200ABC268 /* Project object */;
			proxyType = 1;
			remoteGlobalIDString = 8BC6174A1EE137C200ABC268;
			remoteInfo = HelloWorldApplication;
		};
/* End PBXContainerItemProxy section */

/* Begin PBXFileReference section */
		8BC6174B1EE137C200ABC268 /* HelloWorldApplication.app */ = {isa = PBXFileReference; explicitFileType = wrapper.application; includeInIndex = 0; path = HelloWorldApplication.app; sourceTree = BUILT_PRODUCTS_DIR; };
		8BC6174E1EE137C200ABC268 /* AppDelegate.swift */ = {isa = PBXFileReference; lastKnownFileType = sourcecode.swift; path = AppDelegate.swift; sourceTree = "<group>"; };
		8BC617501EE137C200ABC268 /* ViewController.swift */ = {isa = PBXFileReference; lastKnownFileType = sourcecode.swift; path = ViewController.swift; sourceTree = "<group>"; };
		8BC617531EE137C200ABC268 /* Base */ = {isa = PBXFileReference; lastKnownFileType = file.storyboard; name = Base; path = Base.lproj/Main.storyboard; sourceTree = "<group>"; };
		8BC617551EE137C200ABC268 /* Assets.xcassets */ = {isa = PBXFileReference; lastKnownFileType = folder.assetcatalog; path = Assets.xcassets; sourceTree = "<group>"; };
		8BC617581EE137C200ABC268 /* Base */ = {isa = PBXFileReference; lastKnownFileType = file.storyboard; name = Base; path = Base.lproj/LaunchScreen.storyboard; sourceTree = "<group>"; };
		8BC6175A1EE137C200ABC268 /* Info.plist */ = {isa = PBXFileReference; lastKnownFileType = text.plist.xml; path = Info.plist; sourceTree = "<group>"; };
		8BC6175F1EE137C200ABC268 /* HelloWorldApplicationTests.xctest */ = {isa = PBXFileReference; explicitFileType = wrapper.cfbundle; includeInIndex = 0; path = HelloWorldApplicationTests.xctest; sourceTree = BUILT_PRODUCTS_DIR; };
		8BC617631EE137C200ABC268 /* HelloWorldApplicationTests.swift */ = {isa = PBXFileReference; lastKnownFileType = sourcecode.swift; path = HelloWorldApplicationTests.swift; sourceTree = "<group>"; };
		8BC617651EE137C200ABC268 /* Info.plist */ = {isa = PBXFileReference; lastKnownFileType = text.plist.xml; path = Info.plist; sourceTree = "<group>"; };
		8BC6176A1EE137C200ABC268 /* HelloWorldApplicationUITests.xctest */ = {isa = PBXFileReference; explicitFileType = wrapper.cfbundle; includeInIndex = 0; path = HelloWorldApplicationUITests.xctest; sourceTree = BUILT_PRODUCTS_DIR; };
		8BC6176E1EE137C200ABC268 /* HelloWorldApplicationUITests.swift */ = {isa = PBXFileReference; lastKnownFileType = sourcecode.swift; path = HelloWorldApplicationUITests.swift; sourceTree = "<group>"; };
		8BC617701EE137C200ABC268 /* Info.plist */ = {isa = PBXFileReference; lastKnownFileType = text.plist.xml; path = Info.plist; sourceTree = "<group>"; };
/* End PBXFileReference section */

/* Begin PBXFrameworksBuildPhase section */
		8BC617481EE137C200ABC268 /* Frameworks */ = {
			isa = PBXFrameworksBuildPhase;
			buildActionMask = 2147483647;
			files = (
			);
			runOnlyForDeploymentPostprocessing = 0;
		};
		8BC6175C1EE137C200ABC268 /* Frameworks */ = {
			isa = PBXFrameworksBuildPhase;
			buildActionMask = 2147483647;
			files = (
			);
			runOnlyForDeploymentPostprocessing = 0;
		};
		8BC617671EE137C200ABC268 /* Frameworks */ = {
			isa = PBXFrameworksBuildPhase;
			buildActionMask = 2147483647;
			files = (
			);
			runOnlyForDeploymentPostprocessing = 0;
		};
/* End PBXFrameworksBuildPhase section */

/* Begin PBXGroup section */
		8BC617421EE137C200ABC268 = {
			isa = PBXGroup;
			children = (
				8BC6174D1EE137C200ABC268 /* HelloWorldApplication */,
				8BC617621EE137C200ABC268 /* HelloWorldApplicationTests */,
				8BC6176D1EE137C200ABC268 /* HelloWorldApplicationUITests */,
				8BC6174C1EE137C200ABC268 /* Products */,
			);
			sourceTree = "<group>";
		};
		8BC6174C1EE137C200ABC268 /* Products */ = {
			isa = PBXGroup;
			children = (
				8BC6174B1EE137C200ABC268 /* HelloWorldApplication.app */,
				8BC6175F1EE137C200ABC268 /* HelloWorldApplicationTests.xctest */,
				8BC6176A1EE137C200ABC268 /* HelloWorldApplicationUITests.xctest */,
			);
			name = Products;
			sourceTree = "<group>";
		};
		8BC6174D1EE137C200ABC268 /* HelloWorldApplication */ = {
			isa = PBXGroup;
			children = (
				8BC6174E1EE137C200ABC268 /* AppDelegate.swift */,
				8BC617501EE137C200ABC268 /* ViewController.swift */,
				8BC617521EE137C200ABC268 /* Main.storyboard */,
				8BC617551EE137C200ABC268 /* Assets.xcassets */,
				8BC617571EE137C200ABC268 /* LaunchScreen.storyboard */,
				8BC6175A1EE137C200ABC268 /* Info.plist */,
			);
			path = HelloWorldApplication;
			sourceTree = "<group>";
		};
		8BC617621EE137C200ABC268 /* HelloWorldApplicationTests */ = {
			isa = PBXGroup;
			children = (
				8BC617631EE137C200ABC268 /* HelloWorldApplicationTests.swift */,
				8BC617651EE137C200ABC268 /* Info.plist */,
			);
			path = HelloWorldApplicationTests;
			sourceTree = "<group>";
		};
		8BC6176D1EE137C200ABC268 /* HelloWorldApplicationUITests */ = {
			isa = PBXGroup;
			children = (
				8BC6176E1EE137C200ABC268 /* HelloWorldApplicationUITests.swift */,
				8BC617701EE137C200ABC268 /* Info.plist */,
			);
			path = HelloWorldApplicationUITests;
			sourceTree = "<group>";
		};
/* End PBXGroup section */

/* Begin PBXNativeTarget section */
		8BC6174A1EE137C200ABC268 /* HelloWorldApplication */ = {
			isa = PBXNativeTarget;
			buildConfigurationList = 8BC617731EE137C200ABC268 /* Build configuration list for PBXNativeTarget "HelloWorldApplication" */;
			buildPhases = (
				8BC617471EE137C200ABC268 /* Sources */,
				8BC617481EE137C200ABC268 /* Frameworks */,
				8BC617491EE137C200ABC268 /* Resources */,
			);
			buildRules = (
			);
			dependencies = (
			);
			name = HelloWorldApplication;
			productName = HelloWorldApplication;
			productReference = 8BC6174B1EE137C200ABC268 /* HelloWorldApplication.app */;
			productType = "com.apple.product-type.application";
		};
		8BC6175E1EE137C200ABC268 /* HelloWorldApplicationTests */ = {
			isa = PBXNativeTarget;
			buildConfigurationList = 8BC617761EE137C200ABC268 /* Build configuration list for PBXNativeTarget "HelloWorldApplicationTests" */;
			buildPhases = (
				8BC6175B1EE137C200ABC268 /* Sources */,
				8BC6175C1EE137C200ABC268 /* Frameworks */,
				8BC6175D1EE137C200ABC268 /* Resources */,
			);
			buildRules = (
			);
			dependencies = (
				8BC617611EE137C200ABC268 /* PBXTargetDependency */,
			);
			name = HelloWorldApplicationTests;
			productName = HelloWorldApplicationTests;
			productReference = 8BC6175F1EE137C200ABC268 /* HelloWorldApplicationTests.xctest */;
			productType = "com.apple.product-type.bundle.unit-test";
		};
		8BC617691EE137C200ABC268 /* HelloWorldApplicationUITests */ = {
			isa = PBXNativeTarget;
			buildConfigurationList = 8BC617791EE137C200ABC268 /* Build configuration list for PBXNativeTarget "HelloWorldApplicationUITests" */;
			buildPhases = (
				8BC617661EE137C200ABC268 /* Sources */,
				8BC617671EE137C200ABC268 /* Frameworks */,
				8BC617681EE137C200ABC268 /* Resources */,
			);
			buildRules = (
			);
			dependencies = (
				8BC6176C1EE137C200ABC268 /* PBXTargetDependency */,
			);
			name = HelloWorldApplicationUITests;
			productName = HelloWorldApplicationUITests;
			productReference = 8BC6176A1EE137C200ABC268 /* HelloWorldApplicationUITests.xctest */;
			productType = "com.apple.product-type.bundle.ui-testing";
		};
/* End PBXNativeTarget section */

/* Begin PBXProject section */
		8BC617431EE137C200ABC268 /* Project object */ = {
			isa = PBXProject;
			attributes = {
				LastSwiftUpdateCheck = 0830;
				LastUpgradeCheck = 0830;
				ORGANIZATIONNAME = JkrishnanMen;
				TargetAttributes = {
					8BC6174A1EE137C200ABC268 = {
						CreatedOnToolsVersion = 8.3.2;
						ProvisioningStyle = Automatic;
					};
					8BC6175E1EE137C200ABC268 = {
						CreatedOnToolsVersion = 8.3.2;
						ProvisioningStyle = Automatic;
						TestTargetID = 8BC6174A1EE137C200ABC268;
					};
					8BC617691EE137C200ABC268 = {
						CreatedOnToolsVersion = 8.3.2;
						ProvisioningStyle = Automatic;
						TestTargetID = 8BC6174A1EE137C200ABC268;
					};
				};
			};
			buildConfigurationList = 8BC617461EE137C200ABC268 /* Build configuration list for PBXProject "HelloWorldApplication" */;
			compatibilityVersion = "Xcode 3.2";
			developmentRegion = English;
			hasScannedForEncodings = 0;
			knownRegions = (
				en,
				Base,
			);
			mainGroup = 8BC617421EE137C200ABC268;
			productRefGroup = 8BC6174C1EE137C200ABC268 /* Products */;
			projectDirPath = "";
			projectRoot = "";
			targets = (
				8BC6174A1EE137C200ABC268 /* HelloWorldApplication */,
				8BC6175E1EE137C200ABC268 /* HelloWorldApplicationTests */,
				8BC617691EE137C200ABC268 /* HelloWorldApplicationUITests */,
			);
		};
/* End PBXProject section */

/* Begin PBXResourcesBuildPhase section */
		8BC617491EE137C200ABC268 /* Resources */ = {
			isa = PBXResourcesBuildPhase;
			buildActionMask = 2147483647;
			files = (
				8BC617591EE137C200ABC268 /* LaunchScreen.storyboard in Resources */,
				8BC617561EE137C200ABC268 /* Assets.xcassets in Resources */,
				8BC617541EE137C200ABC268 /* Main.storyboard in Resources */,
			);
			runOnlyForDeploymentPostprocessing = 0;
		};
		8BC6175D1EE137C200ABC268 /* Resources */ = {
			isa = PBXResourcesBuildPhase;
			buildActionMask = 2147483647;
			files = (
			);
			runOnlyForDeploymentPostprocessing = 0;
		};
		8BC617681EE137C200ABC268 /* Resources */ = {
			isa = PBXResourcesBuildPhase;
			buildActionMask = 2147483647;
			files = (
			);
			runOnlyForDeploymentPostprocessing = 0;
		};
/* End PBXResourcesBuildPhase section */

/* Begin PBXSourcesBuildPhase section */
		8BC617471EE137C200ABC268 /* Sources */ = {
			isa = PBXSourcesBuildPhase;
			buildActionMask = 2147483647;
			files = (
				8BC617511EE137C200ABC268 /* ViewController.swift in Sources */,
				8BC6174F1EE137C200ABC268 /* AppDelegate.swift in Sources */,
			);
			runOnlyForDeploymentPostprocessing = 0;
		};
		8BC6175B1EE137C200ABC268 /* Sources */ = {
			isa = PBXSourcesBuildPhase;
			buildActionMask = 2147483647;
			files = (
				8BC617641EE137C200ABC268 /* HelloWorldApplicationTests.swift in Sources */,
			);
			runOnlyForDeploymentPostprocessing = 0;
		};
		8BC617661EE137C200ABC268 /* Sources */ = {
			isa = PBXSourcesBuildPhase;
			buildActionMask = 2147483647;
			files = (
				8BC6176F1EE137C200ABC268 /* HelloWorldApplicationUITests.swift in Sources */,
			);
			runOnlyForDeploymentPostprocessing = 0;
		};
/* End PBXSourcesBuildPhase section */

/* Begin PBXTargetDependency section */
		8BC617611EE137C200ABC268 /* PBXTargetDependency */ = {
			isa = PBXTargetDependency;
			target = 8BC6174A1EE137C200ABC268 /* HelloWorldApplication */;
			targetProxy = 8BC617601EE137C200ABC268 /* PBXContainerItemProxy */;
		};
		8BC6176C1EE137C200ABC268 /* PBXTargetDependency */ = {
			isa = PBXTargetDependency;
			target = 8BC6174A1EE137C200ABC268 /* HelloWorldApplication */;
			targetProxy = 8BC6176B1EE137C200ABC268 /* PBXContainerItemProxy */;
		};
/* End PBXTargetDependency section */

/* Begin PBXVariantGroup section */
		8BC617521EE137C200ABC268 /* Main.storyboard */ = {
			isa = PBXVariantGroup;
			children = (
				8BC617531EE137C200ABC268 /* Base */,
			);
			name = Main.storyboard;
			sourceTree = "<group>";
		};
		8BC617571EE137C200ABC268 /* LaunchScreen.storyboard */ = {
			isa = PBXVariantGroup;
			children = (
				8BC617581EE137C200ABC268 /* Base */,
			);
			name = LaunchScreen.storyboard;
			sourceTree = "<group>";
		};
/* End PBXVariantGroup section */

/* Begin XCBuildConfiguration section */
		8BC617711EE137C200ABC268 /* Debug */ = {
			isa = XCBuildConfiguration;
			buildSettings = {
				ALWAYS_SEARCH_USER_PATHS = NO;
				CLANG_ANALYZER_NONNULL = YES;
				CLANG_ANALYZER_NUMBER_OBJECT_CONVERSION = YES_AGGRESSIVE;
				CLANG_CXX_LANGUAGE_STANDARD = "gnu++0x";
				CLANG_CXX_LIBRARY = "libc++";
				CLANG_ENABLE_MODULES = YES;
				CLANG_ENABLE_OBJC_ARC = YES;
				CLANG_WARN_BOOL_CONVERSION = YES;
				CLANG_WARN_CONSTANT_CONVERSION = YES;
				CLANG_WARN_DIRECT_OBJC_ISA_USAGE = YES_ERROR;
				CLANG_WARN_DOCUMENTATION_COMMENTS = YES;
				CLANG_WARN_EMPTY_BODY = YES;
				CLANG_WARN_ENUM_CONVERSION = YES;
				CLANG_WARN_INFINITE_RECURSION = YES;
				CLANG_WARN_INT_CONVERSION = YES;
				CLANG_WARN_OBJC_ROOT_CLASS = YES_ERROR;
				CLANG_WARN_SUSPICIOUS_MOVE = YES;
				CLANG_WARN_UNREACHABLE_CODE = YES;
				CLANG_WARN__DUPLICATE_METHOD_MATCH = YES;
				"CODE_SIGN_IDENTITY[sdk=iphoneos*]" = "iPhone Developer";
				COPY_PHASE_STRIP = NO;
				DEBUG_INFORMATION_FORMAT = dwarf;
				ENABLE_STRICT_OBJC_MSGSEND = YES;
				ENABLE_TESTABILITY = YES;
				GCC_C_LANGUAGE_STANDARD = gnu99;
				GCC_DYNAMIC_NO_PIC = NO;
				GCC_NO_COMMON_BLOCKS = YES;
				GCC_OPTIMIZATION_LEVEL = 0;
				GCC_PREPROCESSOR_DEFINITIONS = (
					"DEBUG=1",
					"$(inherited)",
				);
				GCC_WARN_64_TO_32_BIT_CONVERSION = YES;
				GCC_WARN_ABOUT_RETURN_TYPE = YES_ERROR;
				GCC_WARN_UNDECLARED_SELECTOR = YES;
				GCC_WARN_UNINITIALIZED_AUTOS = YES_AGGRESSIVE;
				GCC_WARN_UNUSED_FUNCTION = YES;
				GCC_WARN_UNUSED_VARIABLE = YES;
				IPHONEOS_DEPLOYMENT_TARGET = 10.3;
				MTL_ENABLE_DEBUG_INFO = YES;
				ONLY_ACTIVE_ARCH = YES;
				SDKROOT = iphoneos;
				SWIFT_ACTIVE_COMPILATION_CONDITIONS = DEBUG;
				SWIFT_OPTIMIZATION_LEVEL = "-Onone";
				TARGETED_DEVICE_FAMILY = "1,2";
			};
			name = Debug;
		};
		8BC617721EE137C200ABC268 /* Release */ = {
			isa = XCBuildConfiguration;
			buildSettings = {
				ALWAYS_SEARCH_USER_PATHS = NO;
				CLANG_ANALYZER_NONNULL = YES;
				CLANG_ANALYZER_NUMBER_OBJECT_CONVERSION = YES_AGGRESSIVE;
				CLANG_CXX_LANGUAGE_STANDARD = "gnu++0x";
				CLANG_CXX_LIBRARY = "libc++";
				CLANG_ENABLE_MODULES = YES;
				CLANG_ENABLE_OBJC_ARC = YES;
				CLANG_WARN_BOOL_CONVERSION = YES;
				CLANG_WARN_CONSTANT_CONVERSION = YES;
				CLANG_WARN_DIRECT_OBJC_ISA_USAGE = YES_ERROR;
				CLANG_WARN_DOCUMENTATION_COMMENTS = YES;
				CLANG_WARN_EMPTY_BODY = YES;
				CLANG_WARN_ENUM_CONVERSION = YES;
				CLANG_WARN_INFINITE_RECURSION = YES;
				CLANG_WARN_INT_CONVERSION = YES;
				CLANG_WARN_OBJC_ROOT_CLASS = YES_ERROR;
				CLANG_WARN_SUSPICIOUS_MOVE = YES;
				CLANG_WARN_UNREACHABLE_CODE = YES;
				CLANG_WARN__DUPLICATE_METHOD_MATCH = YES;
				"CODE_SIGN_IDENTITY[sdk=iphoneos*]" = "iPhone Developer";
				COPY_PHASE_STRIP = NO;
				DEBUG_INFORMATION_FORMAT = "dwarf-with-dsym";
				ENABLE_NS_ASSERTIONS = NO;
				ENABLE_STRICT_OBJC_MSGSEND = YES;
				GCC_C_LANGUAGE_STANDARD = gnu99;
				GCC_NO_COMMON_BLOCKS = YES;
				GCC_WARN_64_TO_32_BIT_CONVERSION = YES;
				GCC_WARN_ABOUT_RETURN_TYPE = YES_ERROR;
				GCC_WARN_UNDECLARED_SELECTOR = YES;
				GCC_WARN_UNINITIALIZED_AUTOS = YES_AGGRESSIVE;
				GCC_WARN_UNUSED_FUNCTION = YES;
				GCC_WARN_UNUSED_VARIABLE = YES;
				IPHONEOS_DEPLOYMENT_TARGET = 10.3;
				MTL_ENABLE_DEBUG_INFO = NO;
				SDKROOT = iphoneos;
				SWIFT_OPTIMIZATION_LEVEL = "-Owholemodule";
				TARGETED_DEVICE_FAMILY = "1,2";
				VALIDATE_PRODUCT = YES;
			};
			name = Release;
		};
		8BC617741EE137C200ABC268 /* Debug */ = {
			isa = XCBuildConfiguration;
			buildSettings = {
				ASSETCATALOG_COMPILER_APPICON_NAME = AppIcon;
				INFOPLIST_FILE = HelloWorldApplication/Info.plist;
				LD_RUNPATH_SEARCH_PATHS = "$(inherited) @executable_path/Frameworks";
				PRODUCT_BUNDLE_IDENTIFIER = "com.empressem.Tap-Me.HelloWorldApplication";
				PRODUCT_NAME = "$(TARGET_NAME)";
				SWIFT_VERSION = 3.0;
			};
			name = Debug;
		};
		8BC617751EE137C200ABC268 /* Release */ = {
			isa = XCBuildConfiguration;
			buildSettings = {
				ASSETCATALOG_COMPILER_APPICON_NAME = AppIcon;
				INFOPLIST_FILE = HelloWorldApplication/Info.plist;
				LD_RUNPATH_SEARCH_PATHS = "$(inherited) @executable_path/Frameworks";
				PRODUCT_BUNDLE_IDENTIFIER = "com.empressem.Tap-Me.HelloWorldApplication";
				PRODUCT_NAME = "$(TARGET_NAME)";
				SWIFT_VERSION = 3.0;
			};
			name = Release;
		};
		8BC617771EE137C200ABC268 /* Debug */ = {
			isa = XCBuildConfiguration;
			buildSettings = {
				ALWAYS_EMBED_SWIFT_STANDARD_LIBRARIES = YES;
				BUNDLE_LOADER = "$(TEST_HOST)";
				INFOPLIST_FILE = HelloWorldApplicationTests/Info.plist;
				LD_RUNPATH_SEARCH_PATHS = "$(inherited) @executable_path/Frameworks @loader_path/Frameworks";
				PRODUCT_BUNDLE_IDENTIFIER = "com.empressem.Tap-Me.HelloWorldApplicationTests";
				PRODUCT_NAME = "$(TARGET_NAME)";
				SWIFT_VERSION = 3.0;
				TEST_HOST = "$(BUILT_PRODUCTS_DIR)/HelloWorldApplication.app/HelloWorldApplication";
			};
			name = Debug;
		};
		8BC617781EE137C200ABC268 /* Release */ = {
			isa = XCBuildConfiguration;
			buildSettings = {
				ALWAYS_EMBED_SWIFT_STANDARD_LIBRARIES = YES;
				BUNDLE_LOADER = "$(TEST_HOST)";
				INFOPLIST_FILE = HelloWorldApplicationTests/Info.plist;
				LD_RUNPATH_SEARCH_PATHS = "$(inherited) @executable_path/Frameworks @loader_path/Frameworks";
				PRODUCT_BUNDLE_IDENTIFIER = "com.empressem.Tap-Me.HelloWorldApplicationTests";
				PRODUCT_NAME = "$(TARGET_NAME)";
				SWIFT_VERSION = 3.0;
				TEST_HOST = "$(BUILT_PRODUCTS_DIR)/HelloWorldApplication.app/HelloWorldApplication";
			};
			name = Release;
		};
		8BC6177A1EE137C200ABC268 /* Debug */ = {
			isa = XCBuildConfiguration;
			buildSettings = {
				ALWAYS_EMBED_SWIFT_STANDARD_LIBRARIES = YES;
				INFOPLIST_FILE = HelloWorldApplicationUITests/Info.plist;
				LD_RUNPATH_SEARCH_PATHS = "$(inherited) @executable_path/Frameworks @loader_path/Frameworks";
				PRODUCT_BUNDLE_IDENTIFIER = "com.empressem.Tap-Me.HelloWorldApplicationUITests";
				PRODUCT_NAME = "$(TARGET_NAME)";
				SWIFT_VERSION = 3.0;
				TEST_TARGET_NAME = HelloWorldApplication;
			};
			name = Debug;
		};
		8BC6177B1EE137C200ABC268 /* Release */ = {
			isa = XCBuildConfiguration;
			buildSettings = {
				ALWAYS_EMBED_SWIFT_STANDARD_LIBRARIES = YES;
				INFOPLIST_FILE = HelloWorldApplicationUITests/Info.plist;
				LD_RUNPATH_SEARCH_PATHS = "$(inherited) @executable_path/Frameworks @loader_path/Frameworks";
				PRODUCT_BUNDLE_IDENTIFIER = "com.empressem.Tap-Me.HelloWorldApplicationUITests";
				PRODUCT_NAME = "$(TARGET_NAME)";
				SWIFT_VERSION = 3.0;
				TEST_TARGET_NAME = HelloWorldApplication;
			};
			name = Release;
		};
/* End XCBuildConfiguration section */

/* Begin XCConfigurationList section */
		8BC617461EE137C200ABC268 /* Build configuration list for PBXProject "HelloWorldApplication" */ = {
			isa = XCConfigurationList;
			buildConfigurations = (
				8BC617711EE137C200ABC268 /* Debug */,
				8BC617721EE137C200ABC268 /* Release */,
			);
			defaultConfigurationIsVisible = 0;
			defaultConfigurationName = Release;
		};
		8BC617731EE137C200ABC268 /* Build configuration list for PBXNativeTarget "HelloWorldApplication" */ = {
			isa = XCConfigurationList;
			buildConfigurations = (
				8BC617741EE137C200ABC268 /* Debug */,
				8BC617751EE137C200ABC268 /* Release */,
			);
			defaultConfigurationIsVisible = 0;
		};
		8BC617761EE137C200ABC268 /* Build configuration list for PBXNativeTarget "HelloWorldApplicationTests" */ = {
			isa = XCConfigurationList;
			buildConfigurations = (
				8BC617771EE137C200ABC268 /* Debug */,
				8BC617781EE137C200ABC268 /* Release */,
			);
			defaultConfigurationIsVisible = 0;
		};
		8BC617791EE137C200ABC268 /* Build configuration list for PBXNativeTarget "HelloWorldApplicationUITests" */ = {
			isa = XCConfigurationList;
			buildConfigurations = (
				8BC6177A1EE137C200ABC268 /* Debug */,
				8BC6177B1EE137C200ABC268 /* Release */,
			);
			defaultConfigurationIsVisible = 0;
		};
/* End XCConfigurationList section */
	};
	rootObject = 8BC617431EE137C200ABC268 /* Project object */;
}
